// !$*UTF8*$!
{
	archiveVersion = 1;
	classes = {
	};
	objectVersion = 46;
	objects = {

/* Begin PBXBuildFile section */
		5EDBA27A1F4213720099607D /* AppDelegate.swift in Sources */ = {isa = PBXBuildFile; fileRef = 5EDBA2791F4213720099607D /* AppDelegate.swift */; };
		5EDBA27C1F4213720099607D /* ViewController.swift in Sources */ = {isa = PBXBuildFile; fileRef = 5EDBA27B1F4213720099607D /* ViewController.swift */; };
		5EDBA27F1F4213720099607D /* Main.storyboard in Resources */ = {isa = PBXBuildFile; fileRef = 5EDBA27D1F4213720099607D /* Main.storyboard */; };
		5EDBA2811F4213720099607D /* Assets.xcassets in Resources */ = {isa = PBXBuildFile; fileRef = 5EDBA2801F4213720099607D /* Assets.xcassets */; };
		5EDBA2841F4213720099607D /* LaunchScreen.storyboard in Resources */ = {isa = PBXBuildFile; fileRef = 5EDBA2821F4213720099607D /* LaunchScreen.storyboard */; };
		5EDBA28F1F4213720099607D /* LinkUpTests.swift in Sources */ = {isa = PBXBuildFile; fileRef = 5EDBA28E1F4213720099607D /* LinkUpTests.swift */; };
		5EDBA29A1F4213720099607D /* LinkUpUITests.swift in Sources */ = {isa = PBXBuildFile; fileRef = 5EDBA2991F4213720099607D /* LinkUpUITests.swift */; };
/* End PBXBuildFile section */

/* Begin PBXContainerItemProxy section */
		5EDBA28B1F4213720099607D /* PBXContainerItemProxy */ = {
			isa = PBXContainerItemProxy;
			containerPortal = 5EDBA26E1F4213720099607D /* Project object */;
			proxyType = 1;
			remoteGlobalIDString = 5EDBA2751F4213720099607D;
			remoteInfo = LinkUp;
		};
		5EDBA2961F4213720099607D /* PBXContainerItemProxy */ = {
			isa = PBXContainerItemProxy;
			containerPortal = 5EDBA26E1F4213720099607D /* Project object */;
			proxyType = 1;
			remoteGlobalIDString = 5EDBA2751F4213720099607D;
			remoteInfo = LinkUp;
		};
/* End PBXContainerItemProxy section */

/* Begin PBXFileReference section */
		5EDBA2761F4213720099607D /* LinkUp.app */ = {isa = PBXFileReference; explicitFileType = wrapper.application; includeInIndex = 0; path = LinkUp.app; sourceTree = BUILT_PRODUCTS_DIR; };
		5EDBA2791F4213720099607D /* AppDelegate.swift */ = {isa = PBXFileReference; lastKnownFileType = sourcecode.swift; path = AppDelegate.swift; sourceTree = "<group>"; };
		5EDBA27B1F4213720099607D /* ViewController.swift */ = {isa = PBXFileReference; lastKnownFileType = sourcecode.swift; path = ViewController.swift; sourceTree = "<group>"; };
		5EDBA27E1F4213720099607D /* Base */ = {isa = PBXFileReference; lastKnownFileType = file.storyboard; name = Base; path = Base.lproj/Main.storyboard; sourceTree = "<group>"; };
		5EDBA2801F4213720099607D /* Assets.xcassets */ = {isa = PBXFileReference; lastKnownFileType = folder.assetcatalog; path = Assets.xcassets; sourceTree = "<group>"; };
		5EDBA2831F4213720099607D /* Base */ = {isa = PBXFileReference; lastKnownFileType = file.storyboard; name = Base; path = Base.lproj/LaunchScreen.storyboard; sourceTree = "<group>"; };
		5EDBA2851F4213720099607D /* Info.plist */ = {isa = PBXFileReference; lastKnownFileType = text.plist.xml; path = Info.plist; sourceTree = "<group>"; };
		5EDBA28A1F4213720099607D /* LinkUpTests.xctest */ = {isa = PBXFileReference; explicitFileType = wrapper.cfbundle; includeInIndex = 0; path = LinkUpTests.xctest; sourceTree = BUILT_PRODUCTS_DIR; };
		5EDBA28E1F4213720099607D /* LinkUpTests.swift */ = {isa = PBXFileReference; lastKnownFileType = sourcecode.swift; path = LinkUpTests.swift; sourceTree = "<group>"; };
		5EDBA2901F4213720099607D /* Info.plist */ = {isa = PBXFileReference; lastKnownFileType = text.plist.xml; path = Info.plist; sourceTree = "<group>"; };
		5EDBA2951F4213720099607D /* LinkUpUITests.xctest */ = {isa = PBXFileReference; explicitFileType = wrapper.cfbundle; includeInIndex = 0; path = LinkUpUITests.xctest; sourceTree = BUILT_PRODUCTS_DIR; };
		5EDBA2991F4213720099607D /* LinkUpUITests.swift */ = {isa = PBXFileReference; lastKnownFileType = sourcecode.swift; path = LinkUpUITests.swift; sourceTree = "<group>"; };
		5EDBA29B1F4213720099607D /* Info.plist */ = {isa = PBXFileReference; lastKnownFileType = text.plist.xml; path = Info.plist; sourceTree = "<group>"; };
/* End PBXFileReference section */

/* Begin PBXFrameworksBuildPhase section */
		5EDBA2731F4213720099607D /* Frameworks */ = {
			isa = PBXFrameworksBuildPhase;
			buildActionMask = 2147483647;
			files = (
			);
			runOnlyForDeploymentPostprocessing = 0;
		};
		5EDBA2871F4213720099607D /* Frameworks */ = {
			isa = PBXFrameworksBuildPhase;
			buildActionMask = 2147483647;
			files = (
			);
			runOnlyForDeploymentPostprocessing = 0;
		};
		5EDBA2921F4213720099607D /* Frameworks */ = {
			isa = PBXFrameworksBuildPhase;
			buildActionMask = 2147483647;
			files = (
			);
			runOnlyForDeploymentPostprocessing = 0;
		};
/* End PBXFrameworksBuildPhase section */

/* Begin PBXGroup section */
		5EDBA26D1F4213720099607D = {
			isa = PBXGroup;
			children = (
				5EDBA2781F4213720099607D /* LinkUp */,
				5EDBA28D1F4213720099607D /* LinkUpTests */,
				5EDBA2981F4213720099607D /* LinkUpUITests */,
				5EDBA2771F4213720099607D /* Products */,
			);
			sourceTree = "<group>";
		};
		5EDBA2771F4213720099607D /* Products */ = {
			isa = PBXGroup;
			children = (
				5EDBA2761F4213720099607D /* LinkUp.app */,
				5EDBA28A1F4213720099607D /* LinkUpTests.xctest */,
				5EDBA2951F4213720099607D /* LinkUpUITests.xctest */,
			);
			name = Products;
			sourceTree = "<group>";
		};
		5EDBA2781F4213720099607D /* LinkUp */ = {
			isa = PBXGroup;
			children = (
				5EDBA2791F4213720099607D /* AppDelegate.swift */,
				5EDBA27B1F4213720099607D /* ViewController.swift */,
				5EDBA27D1F4213720099607D /* Main.storyboard */,
				5EDBA2801F4213720099607D /* Assets.xcassets */,
				5EDBA2821F4213720099607D /* LaunchScreen.storyboard */,
				5EDBA2851F4213720099607D /* Info.plist */,
			);
			path = LinkUp;
			sourceTree = "<group>";
		};
		5EDBA28D1F4213720099607D /* LinkUpTests */ = {
			isa = PBXGroup;
			children = (
				5EDBA28E1F4213720099607D /* LinkUpTests.swift */,
				5EDBA2901F4213720099607D /* Info.plist */,
			);
			path = LinkUpTests;
			sourceTree = "<group>";
		};
		5EDBA2981F4213720099607D /* LinkUpUITests */ = {
			isa = PBXGroup;
			children = (
				5EDBA2991F4213720099607D /* LinkUpUITests.swift */,
				5EDBA29B1F4213720099607D /* Info.plist */,
			);
			path = LinkUpUITests;
			sourceTree = "<group>";
		};
/* End PBXGroup section */

/* Begin PBXNativeTarget section */
		5EDBA2751F4213720099607D /* LinkUp */ = {
			isa = PBXNativeTarget;
			buildConfigurationList = 5EDBA29E1F4213720099607D /* Build configuration list for PBXNativeTarget "LinkUp" */;
			buildPhases = (
				5EDBA2721F4213720099607D /* Sources */,
				5EDBA2731F4213720099607D /* Frameworks */,
				5EDBA2741F4213720099607D /* Resources */,
			);
			buildRules = (
			);
			dependencies = (
			);
			name = LinkUp;
			productName = LinkUp;
			productReference = 5EDBA2761F4213720099607D /* LinkUp.app */;
			productType = "com.apple.product-type.application";
		};
		5EDBA2891F4213720099607D /* LinkUpTests */ = {
			isa = PBXNativeTarget;
			buildConfigurationList = 5EDBA2A11F4213720099607D /* Build configuration list for PBXNativeTarget "LinkUpTests" */;
			buildPhases = (
				5EDBA2861F4213720099607D /* Sources */,
				5EDBA2871F4213720099607D /* Frameworks */,
				5EDBA2881F4213720099607D /* Resources */,
			);
			buildRules = (
			);
			dependencies = (
				5EDBA28C1F4213720099607D /* PBXTargetDependency */,
			);
			name = LinkUpTests;
			productName = LinkUpTests;
			productReference = 5EDBA28A1F4213720099607D /* LinkUpTests.xctest */;
			productType = "com.apple.product-type.bundle.unit-test";
		};
		5EDBA2941F4213720099607D /* LinkUpUITests */ = {
			isa = PBXNativeTarget;
			buildConfigurationList = 5EDBA2A41F4213720099607D /* Build configuration list for PBXNativeTarget "LinkUpUITests" */;
			buildPhases = (
				5EDBA2911F4213720099607D /* Sources */,
				5EDBA2921F4213720099607D /* Frameworks */,
				5EDBA2931F4213720099607D /* Resources */,
			);
			buildRules = (
			);
			dependencies = (
				5EDBA2971F4213720099607D /* PBXTargetDependency */,
			);
			name = LinkUpUITests;
			productName = LinkUpUITests;
			productReference = 5EDBA2951F4213720099607D /* LinkUpUITests.xctest */;
			productType = "com.apple.product-type.bundle.ui-testing";
		};
/* End PBXNativeTarget section */

/* Begin PBXProject section */
		5EDBA26E1F4213720099607D /* Project object */ = {
			isa = PBXProject;
			attributes = {
				LastSwiftUpdateCheck = 0830;
				LastUpgradeCheck = 0830;
				ORGANIZATIONNAME = "Del Shawn Kirksey";
				TargetAttributes = {
					5EDBA2751F4213720099607D = {
						CreatedOnToolsVersion = 8.3;
						DevelopmentTeam = P8B368T7Z7;
						ProvisioningStyle = Automatic;
					};
					5EDBA2891F4213720099607D = {
						CreatedOnToolsVersion = 8.3;
						DevelopmentTeam = P8B368T7Z7;
						ProvisioningStyle = Automatic;
						TestTargetID = 5EDBA2751F4213720099607D;
					};
					5EDBA2941F4213720099607D = {
						CreatedOnToolsVersion = 8.3;
						DevelopmentTeam = P8B368T7Z7;
						ProvisioningStyle = Automatic;
						TestTargetID = 5EDBA2751F4213720099607D;
					};
				};
			};
			buildConfigurationList = 5EDBA2711F4213720099607D /* Build configuration list for PBXProject "LinkUp" */;
			compatibilityVersion = "Xcode 3.2";
			developmentRegion = English;
			hasScannedForEncodings = 0;
			knownRegions = (
				en,
				Base,
			);
			mainGroup = 5EDBA26D1F4213720099607D;
			productRefGroup = 5EDBA2771F4213720099607D /* Products */;
			projectDirPath = "";
			projectRoot = "";
			targets = (
				5EDBA2751F4213720099607D /* LinkUp */,
				5EDBA2891F4213720099607D /* LinkUpTests */,
				5EDBA2941F4213720099607D /* LinkUpUITests */,
			);
		};
/* End PBXProject section */

/* Begin PBXResourcesBuildPhase section */
		5EDBA2741F4213720099607D /* Resources */ = {
			isa = PBXResourcesBuildPhase;
			buildActionMask = 2147483647;
			files = (
				5EDBA2841F4213720099607D /* LaunchScreen.storyboard in Resources */,
				5EDBA2811F4213720099607D /* Assets.xcassets in Resources */,
				5EDBA27F1F4213720099607D /* Main.storyboard in Resources */,
			);
			runOnlyForDeploymentPostprocessing = 0;
		};
		5EDBA2881F4213720099607D /* Resources */ = {
			isa = PBXResourcesBuildPhase;
			buildActionMask = 2147483647;
			files = (
			);
			runOnlyForDeploymentPostprocessing = 0;
		};
		5EDBA2931F4213720099607D /* Resources */ = {
			isa = PBXResourcesBuildPhase;
			buildActionMask = 2147483647;
			files = (
			);
			runOnlyForDeploymentPostprocessing = 0;
		};
/* End PBXResourcesBuildPhase section */

/* Begin PBXSourcesBuildPhase section */
		5EDBA2721F4213720099607D /* Sources */ = {
			isa = PBXSourcesBuildPhase;
			buildActionMask = 2147483647;
			files = (
				5EDBA27C1F4213720099607D /* ViewController.swift in Sources */,
				5EDBA27A1F4213720099607D /* AppDelegate.swift in Sources */,
			);
			runOnlyForDeploymentPostprocessing = 0;
		};
		5EDBA2861F4213720099607D /* Sources */ = {
			isa = PBXSourcesBuildPhase;
			buildActionMask = 2147483647;
			files = (
				5EDBA28F1F4213720099607D /* LinkUpTests.swift in Sources */,
			);
			runOnlyForDeploymentPostprocessing = 0;
		};
		5EDBA2911F4213720099607D /* Sources */ = {
			isa = PBXSourcesBuildPhase;
			buildActionMask = 2147483647;
			files = (
				5EDBA29A1F4213720099607D /* LinkUpUITests.swift in Sources */,
			);
			runOnlyForDeploymentPostprocessing = 0;
		};
/* End PBXSourcesBuildPhase section */

/* Begin PBXTargetDependency section */
		5EDBA28C1F4213720099607D /* PBXTargetDependency */ = {
			isa = PBXTargetDependency;
			target = 5EDBA2751F4213720099607D /* LinkUp */;
			targetProxy = 5EDBA28B1F4213720099607D /* PBXContainerItemProxy */;
		};
		5EDBA2971F4213720099607D /* PBXTargetDependency */ = {
			isa = PBXTargetDependency;
			target = 5EDBA2751F4213720099607D /* LinkUp */;
			targetProxy = 5EDBA2961F4213720099607D /* PBXContainerItemProxy */;
		};
/* End PBXTargetDependency section */

/* Begin PBXVariantGroup section */
		5EDBA27D1F4213720099607D /* Main.storyboard */ = {
			isa = PBXVariantGroup;
			children = (
				5EDBA27E1F4213720099607D /* Base */,
			);
			name = Main.storyboard;
			sourceTree = "<group>";
		};
		5EDBA2821F4213720099607D /* LaunchScreen.storyboard */ = {
			isa = PBXVariantGroup;
			children = (
				5EDBA2831F4213720099607D /* Base */,
			);
			name = LaunchScreen.storyboard;
			sourceTree = "<group>";
		};
/* End PBXVariantGroup section */

/* Begin XCBuildConfiguration section */
		5EDBA29C1F4213720099607D /* Debug */ = {
			isa = XCBuildConfiguration;
			buildSettings = {
				ALWAYS_SEARCH_USER_PATHS = NO;
				CLANG_ANALYZER_NONNULL = YES;
				CLANG_ANALYZER_NUMBER_OBJECT_CONVERSION = YES_AGGRESSIVE;
				CLANG_CXX_LANGUAGE_STANDARD = "gnu++0x";
				CLANG_CXX_LIBRARY = "libc++";
				CLANG_ENABLE_MODULES = YES;
				CLANG_ENABLE_OBJC_ARC = YES;
				CLANG_WARN_BOOL_CONVERSION = YES;
				CLANG_WARN_CONSTANT_CONVERSION = YES;
				CLANG_WARN_DIRECT_OBJC_ISA_USAGE = YES_ERROR;
				CLANG_WARN_DOCUMENTATION_COMMENTS = YES;
				CLANG_WARN_EMPTY_BODY = YES;
				CLANG_WARN_ENUM_CONVERSION = YES;
				CLANG_WARN_INFINITE_RECURSION = YES;
				CLANG_WARN_INT_CONVERSION = YES;
				CLANG_WARN_OBJC_ROOT_CLASS = YES_ERROR;
				CLANG_WARN_SUSPICIOUS_MOVE = YES;
				CLANG_WARN_UNREACHABLE_CODE = YES;
				CLANG_WARN__DUPLICATE_METHOD_MATCH = YES;
				"CODE_SIGN_IDENTITY[sdk=iphoneos*]" = "iPhone Developer";
				COPY_PHASE_STRIP = NO;
				DEBUG_INFORMATION_FORMAT = dwarf;
				ENABLE_STRICT_OBJC_MSGSEND = YES;
				ENABLE_TESTABILITY = YES;
				GCC_C_LANGUAGE_STANDARD = gnu99;
				GCC_DYNAMIC_NO_PIC = NO;
				GCC_NO_COMMON_BLOCKS = YES;
				GCC_OPTIMIZATION_LEVEL = 0;
				GCC_PREPROCESSOR_DEFINITIONS = (
					"DEBUG=1",
					"$(inherited)",
				);
				GCC_WARN_64_TO_32_BIT_CONVERSION = YES;
				GCC_WARN_ABOUT_RETURN_TYPE = YES_ERROR;
				GCC_WARN_UNDECLARED_SELECTOR = YES;
				GCC_WARN_UNINITIALIZED_AUTOS = YES_AGGRESSIVE;
				GCC_WARN_UNUSED_FUNCTION = YES;
				GCC_WARN_UNUSED_VARIABLE = YES;
				IPHONEOS_DEPLOYMENT_TARGET = 10.3;
				MTL_ENABLE_DEBUG_INFO = YES;
				ONLY_ACTIVE_ARCH = YES;
				SDKROOT = iphoneos;
				SWIFT_ACTIVE_COMPILATION_CONDITIONS = DEBUG;
				SWIFT_OPTIMIZATION_LEVEL = "-Onone";
				TARGETED_DEVICE_FAMILY = "1,2";
			};
			name = Debug;
		};
		5EDBA29D1F4213720099607D /* Release */ = {
			isa = XCBuildConfiguration;
			buildSettings = {
				ALWAYS_SEARCH_USER_PATHS = NO;
				CLANG_ANALYZER_NONNULL = YES;
				CLANG_ANALYZER_NUMBER_OBJECT_CONVERSION = YES_AGGRESSIVE;
				CLANG_CXX_LANGUAGE_STANDARD = "gnu++0x";
				CLANG_CXX_LIBRARY = "libc++";
				CLANG_ENABLE_MODULES = YES;
				CLANG_ENABLE_OBJC_ARC = YES;
				CLANG_WARN_BOOL_CONVERSION = YES;
				CLANG_WARN_CONSTANT_CONVERSION = YES;
				CLANG_WARN_DIRECT_OBJC_ISA_USAGE = YES_ERROR;
				CLANG_WARN_DOCUMENTATION_COMMENTS = YES;
				CLANG_WARN_EMPTY_BODY = YES;
				CLANG_WARN_ENUM_CONVERSION = YES;
				CLANG_WARN_INFINITE_RECURSION = YES;
				CLANG_WARN_INT_CONVERSION = YES;
				CLANG_WARN_OBJC_ROOT_CLASS = YES_ERROR;
				CLANG_WARN_SUSPICIOUS_MOVE = YES;
				CLANG_WARN_UNREACHABLE_CODE = YES;
				CLANG_WARN__DUPLICATE_METHOD_MATCH = YES;
				"CODE_SIGN_IDENTITY[sdk=iphoneos*]" = "iPhone Developer";
				COPY_PHASE_STRIP = NO;
				DEBUG_INFORMATION_FORMAT = "dwarf-with-dsym";
				ENABLE_NS_ASSERTIONS = NO;
				ENABLE_STRICT_OBJC_MSGSEND = YES;
				GCC_C_LANGUAGE_STANDARD = gnu99;
				GCC_NO_COMMON_BLOCKS = YES;
				GCC_WARN_64_TO_32_BIT_CONVERSION = YES;
				GCC_WARN_ABOUT_RETURN_TYPE = YES_ERROR;
				GCC_WARN_UNDECLARED_SELECTOR = YES;
				GCC_WARN_UNINITIALIZED_AUTOS = YES_AGGRESSIVE;
				GCC_WARN_UNUSED_FUNCTION = YES;
				GCC_WARN_UNUSED_VARIABLE = YES;
				IPHONEOS_DEPLOYMENT_TARGET = 10.3;
				MTL_ENABLE_DEBUG_INFO = NO;
				SDKROOT = iphoneos;
				SWIFT_OPTIMIZATION_LEVEL = "-Owholemodule";
				TARGETED_DEVICE_FAMILY = "1,2";
				VALIDATE_PRODUCT = YES;
			};
			name = Release;
		};
		5EDBA29F1F4213720099607D /* Debug */ = {
			isa = XCBuildConfiguration;
			buildSettings = {
				ASSETCATALOG_COMPILER_APPICON_NAME = AppIcon;
				DEVELOPMENT_TEAM = P8B368T7Z7;
				INFOPLIST_FILE = LinkUp/Info.plist;
				LD_RUNPATH_SEARCH_PATHS = "$(inherited) @executable_path/Frameworks";
				PRODUCT_BUNDLE_IDENTIFIER = apps.ge.LinkUp;
				PRODUCT_NAME = "$(TARGET_NAME)";
				SWIFT_VERSION = 3.0;
			};
			name = Debug;
		};
		5EDBA2A01F4213720099607D /* Release */ = {
			isa = XCBuildConfiguration;
			buildSettings = {
				ASSETCATALOG_COMPILER_APPICON_NAME = AppIcon;
				DEVELOPMENT_TEAM = P8B368T7Z7;
				INFOPLIST_FILE = LinkUp/Info.plist;
				LD_RUNPATH_SEARCH_PATHS = "$(inherited) @executable_path/Frameworks";
				PRODUCT_BUNDLE_IDENTIFIER = apps.ge.LinkUp;
				PRODUCT_NAME = "$(TARGET_NAME)";
				SWIFT_VERSION = 3.0;
			};
			name = Release;
		};
		5EDBA2A21F4213720099607D /* Debug */ = {
			isa = XCBuildConfiguration;
			buildSettings = {
				ALWAYS_EMBED_SWIFT_STANDARD_LIBRARIES = YES;
				BUNDLE_LOADER = "$(TEST_HOST)";
				DEVELOPMENT_TEAM = P8B368T7Z7;
				INFOPLIST_FILE = LinkUpTests/Info.plist;
				LD_RUNPATH_SEARCH_PATHS = "$(inherited) @executable_path/Frameworks @loader_path/Frameworks";
				PRODUCT_BUNDLE_IDENTIFIER = apps.ge.LinkUpTests;
				PRODUCT_NAME = "$(TARGET_NAME)";
				SWIFT_VERSION = 3.0;
				TEST_HOST = "$(BUILT_PRODUCTS_DIR)/LinkUp.app/LinkUp";
			};
			name = Debug;
		};
		5EDBA2A31F4213720099607D /* Release */ = {
			isa = XCBuildConfiguration;
			buildSettings = {
				ALWAYS_EMBED_SWIFT_STANDARD_LIBRARIES = YES;
				BUNDLE_LOADER = "$(TEST_HOST)";
				DEVELOPMENT_TEAM = P8B368T7Z7;
				INFOPLIST_FILE = LinkUpTests/Info.plist;
				LD_RUNPATH_SEARCH_PATHS = "$(inherited) @executable_path/Frameworks @loader_path/Frameworks";
				PRODUCT_BUNDLE_IDENTIFIER = apps.ge.LinkUpTests;
				PRODUCT_NAME = "$(TARGET_NAME)";
				SWIFT_VERSION = 3.0;
				TEST_HOST = "$(BUILT_PRODUCTS_DIR)/LinkUp.app/LinkUp";
			};
			name = Release;
		};
		5EDBA2A51F4213720099607D /* Debug */ = {
			isa = XCBuildConfiguration;
			buildSettings = {
				ALWAYS_EMBED_SWIFT_STANDARD_LIBRARIES = YES;
				DEVELOPMENT_TEAM = P8B368T7Z7;
				INFOPLIST_FILE = LinkUpUITests/Info.plist;
				LD_RUNPATH_SEARCH_PATHS = "$(inherited) @executable_path/Frameworks @loader_path/Frameworks";
				PRODUCT_BUNDLE_IDENTIFIER = apps.ge.LinkUpUITests;
				PRODUCT_NAME = "$(TARGET_NAME)";
				SWIFT_VERSION = 3.0;
				TEST_TARGET_NAME = LinkUp;
			};
			name = Debug;
		};
		5EDBA2A61F4213720099607D /* Release */ = {
			isa = XCBuildConfiguration;
			buildSettings = {
				ALWAYS_EMBED_SWIFT_STANDARD_LIBRARIES = YES;
				DEVELOPMENT_TEAM = P8B368T7Z7;
				INFOPLIST_FILE = LinkUpUITests/Info.plist;
				LD_RUNPATH_SEARCH_PATHS = "$(inherited) @executable_path/Frameworks @loader_path/Frameworks";
				PRODUCT_BUNDLE_IDENTIFIER = apps.ge.LinkUpUITests;
				PRODUCT_NAME = "$(TARGET_NAME)";
				SWIFT_VERSION = 3.0;
				TEST_TARGET_NAME = LinkUp;
			};
			name = Release;
		};
/* End XCBuildConfiguration section */

/* Begin XCConfigurationList section */
		5EDBA2711F4213720099607D /* Build configuration list for PBXProject "LinkUp" */ = {
			isa = XCConfigurationList;
			buildConfigurations = (
				5EDBA29C1F4213720099607D /* Debug */,
				5EDBA29D1F4213720099607D /* Release */,
			);
			defaultConfigurationIsVisible = 0;
			defaultConfigurationName = Release;
		};
		5EDBA29E1F4213720099607D /* Build configuration list for PBXNativeTarget "LinkUp" */ = {
			isa = XCConfigurationList;
			buildConfigurations = (
				5EDBA29F1F4213720099607D /* Debug */,
				5EDBA2A01F4213720099607D /* Release */,
			);
			defaultConfigurationIsVisible = 0;
		};
		5EDBA2A11F4213720099607D /* Build configuration list for PBXNativeTarget "LinkUpTests" */ = {
			isa = XCConfigurationList;
			buildConfigurations = (
				5EDBA2A21F4213720099607D /* Debug */,
				5EDBA2A31F4213720099607D /* Release */,
			);
			defaultConfigurationIsVisible = 0;
		};
		5EDBA2A41F4213720099607D /* Build configuration list for PBXNativeTarget "LinkUpUITests" */ = {
			isa = XCConfigurationList;
			buildConfigurations = (
				5EDBA2A51F4213720099607D /* Debug */,
				5EDBA2A61F4213720099607D /* Release */,
			);
			defaultConfigurationIsVisible = 0;
		};
/* End XCConfigurationList section */
	};
	rootObject = 5EDBA26E1F4213720099607D /* Project object */;
}
